
Microsoft Visual Studio Solution File, Format Version 12.00
# Visual Studio Version 16
VisualStudioVersion = 16.0.29509.3
MinimumVisualStudioVersion = 10.0.40219.1
Project("{FAE04EC0-301F-11D3-BF4B-00C04F79EFBC}") = "Step75", "Step75\Step75.csproj", "{EBF03DD4-6400-48B3-B49B-BB4D1594FC1F}"
EndProject
Global
	GlobalSection(SolutionConfigurationPlatforms) = preSolution
		Debug|Any CPU = Debug|Any CPU
		Release|Any CPU = Release|Any CPU
	EndGlobalSection
	GlobalSection(ProjectConfigurationPlatforms) = postSolution
		{EBF03DD4-6400-48B3-B49B-BB4D1594FC1F}.Debug|Any CPU.ActiveCfg = Debug|Any CPU
		{EBF03DD4-6400-48B3-B49B-BB4D1594FC1F}.Debug|Any CPU.Build.0 = Debug|Any CPU
		{EBF03DD4-6400-48B3-B49B-BB4D1594FC1F}.Release|Any CPU.ActiveCfg = Release|Any CPU
		{EBF03DD4-6400-48B3-B49B-BB4D1594FC1F}.Release|Any CPU.Build.0 = Release|Any CPU
	EndGlobalSection
	GlobalSection(SolutionProperties) = preSolution
		HideSolutionNode = FALSE
	EndGlobalSection
	GlobalSection(ExtensibilityGlobals) = postSolution
		SolutionGuid = {10BE9FB5-12A5-441B-92A2-FB76997E2A67}
	EndGlobalSection
EndGlobal
