
Microsoft Visual Studio Solution File, Format Version 12.00
# Visual Studio Version 16
VisualStudioVersion = 16.0.29519.87
MinimumVisualStudioVersion = 10.0.40219.1
Project("{FAE04EC0-301F-11D3-BF4B-00C04F79EFBC}") = "TwentyOne", "ClassesAndObjects\TwentyOne.csproj", "{72849CF9-68FB-44D9-8365-C828CE5F7EC1}"
EndProject
Project("{FAE04EC0-301F-11D3-BF4B-00C04F79EFBC}") = "Casino", "Casino\Casino.csproj", "{8A95B54C-98B4-4E47-9E25-13787D81F680}"
EndProject
Global
	GlobalSection(SolutionConfigurationPlatforms) = preSolution
		Debug|Any CPU = Debug|Any CPU
		Release|Any CPU = Release|Any CPU
	EndGlobalSection
	GlobalSection(ProjectConfigurationPlatforms) = postSolution
		{72849CF9-68FB-44D9-8365-C828CE5F7EC1}.Debug|Any CPU.ActiveCfg = Debug|Any CPU
		{72849CF9-68FB-44D9-8365-C828CE5F7EC1}.Debug|Any CPU.Build.0 = Debug|Any CPU
		{72849CF9-68FB-44D9-8365-C828CE5F7EC1}.Release|Any CPU.ActiveCfg = Release|Any CPU
		{72849CF9-68FB-44D9-8365-C828CE5F7EC1}.Release|Any CPU.Build.0 = Release|Any CPU
		{8A95B54C-98B4-4E47-9E25-13787D81F680}.Debug|Any CPU.ActiveCfg = Debug|Any CPU
		{8A95B54C-98B4-4E47-9E25-13787D81F680}.Debug|Any CPU.Build.0 = Debug|Any CPU
		{8A95B54C-98B4-4E47-9E25-13787D81F680}.Release|Any CPU.ActiveCfg = Release|Any CPU
		{8A95B54C-98B4-4E47-9E25-13787D81F680}.Release|Any CPU.Build.0 = Release|Any CPU
	EndGlobalSection
	GlobalSection(SolutionProperties) = preSolution
		HideSolutionNode = FALSE
	EndGlobalSection
	GlobalSection(ExtensibilityGlobals) = postSolution
		SolutionGuid = {D3F244AA-54E4-49BD-9281-C20C702F3395}
	EndGlobalSection
EndGlobal
