
Microsoft Visual Studio Solution File, Format Version 12.00
# Visual Studio Version 16
VisualStudioVersion = 16.0.29509.3
MinimumVisualStudioVersion = 10.0.40219.1
Project("{FAE04EC0-301F-11D3-BF4B-00C04F79EFBC}") = "Step34", "Step34\Step34.csproj", "{46227BA3-9422-4B91-B583-EF77010933C6}"
EndProject
Global
	GlobalSection(SolutionConfigurationPlatforms) = preSolution
		Debug|Any CPU = Debug|Any CPU
		Release|Any CPU = Release|Any CPU
	EndGlobalSection
	GlobalSection(ProjectConfigurationPlatforms) = postSolution
		{46227BA3-9422-4B91-B583-EF77010933C6}.Debug|Any CPU.ActiveCfg = Debug|Any CPU
		{46227BA3-9422-4B91-B583-EF77010933C6}.Debug|Any CPU.Build.0 = Debug|Any CPU
		{46227BA3-9422-4B91-B583-EF77010933C6}.Release|Any CPU.ActiveCfg = Release|Any CPU
		{46227BA3-9422-4B91-B583-EF77010933C6}.Release|Any CPU.Build.0 = Release|Any CPU
	EndGlobalSection
	GlobalSection(SolutionProperties) = preSolution
		HideSolutionNode = FALSE
	EndGlobalSection
	GlobalSection(ExtensibilityGlobals) = postSolution
		SolutionGuid = {815906EA-E62A-4F1D-8208-41EB64FADB25}
	EndGlobalSection
EndGlobal
