
Microsoft Visual Studio Solution File, Format Version 12.00
# Visual Studio Version 16
VisualStudioVersion = 16.0.29509.3
MinimumVisualStudioVersion = 10.0.40219.1
Project("{FAE04EC0-301F-11D3-BF4B-00C04F79EFBC}") = "VariablesAndDataTypes", "VariablesAndDataTypes\VariablesAndDataTypes.csproj", "{70C59173-518D-4BD8-BA3F-AEDF20349F79}"
EndProject
Global
	GlobalSection(SolutionConfigurationPlatforms) = preSolution
		Debug|Any CPU = Debug|Any CPU
		Release|Any CPU = Release|Any CPU
	EndGlobalSection
	GlobalSection(ProjectConfigurationPlatforms) = postSolution
		{70C59173-518D-4BD8-BA3F-AEDF20349F79}.Debug|Any CPU.ActiveCfg = Debug|Any CPU
		{70C59173-518D-4BD8-BA3F-AEDF20349F79}.Debug|Any CPU.Build.0 = Debug|Any CPU
		{70C59173-518D-4BD8-BA3F-AEDF20349F79}.Release|Any CPU.ActiveCfg = Release|Any CPU
		{70C59173-518D-4BD8-BA3F-AEDF20349F79}.Release|Any CPU.Build.0 = Release|Any CPU
	EndGlobalSection
	GlobalSection(SolutionProperties) = preSolution
		HideSolutionNode = FALSE
	EndGlobalSection
	GlobalSection(ExtensibilityGlobals) = postSolution
		SolutionGuid = {AE5F2883-E393-452A-ABCF-044C5317F9DF}
	EndGlobalSection
EndGlobal
