
Microsoft Visual Studio Solution File, Format Version 12.00
# Visual Studio Version 16
VisualStudioVersion = 16.0.29609.76
MinimumVisualStudioVersion = 10.0.40219.1
Project("{FAE04EC0-301F-11D3-BF4B-00C04F79EFBC}") = "Step156", "Step156\Step156.csproj", "{941F3805-E09C-492C-9298-206E358568EF}"
EndProject
Global
	GlobalSection(SolutionConfigurationPlatforms) = preSolution
		Debug|Any CPU = Debug|Any CPU
		Release|Any CPU = Release|Any CPU
	EndGlobalSection
	GlobalSection(ProjectConfigurationPlatforms) = postSolution
		{941F3805-E09C-492C-9298-206E358568EF}.Debug|Any CPU.ActiveCfg = Debug|Any CPU
		{941F3805-E09C-492C-9298-206E358568EF}.Debug|Any CPU.Build.0 = Debug|Any CPU
		{941F3805-E09C-492C-9298-206E358568EF}.Release|Any CPU.ActiveCfg = Release|Any CPU
		{941F3805-E09C-492C-9298-206E358568EF}.Release|Any CPU.Build.0 = Release|Any CPU
	EndGlobalSection
	GlobalSection(SolutionProperties) = preSolution
		HideSolutionNode = FALSE
	EndGlobalSection
	GlobalSection(ExtensibilityGlobals) = postSolution
		SolutionGuid = {8999C530-A9DD-48F0-948D-05B683232696}
	EndGlobalSection
EndGlobal
