
Microsoft Visual Studio Solution File, Format Version 12.00
# Visual Studio Version 16
VisualStudioVersion = 16.0.29609.76
MinimumVisualStudioVersion = 10.0.40219.1
Project("{FAE04EC0-301F-11D3-BF4B-00C04F79EFBC}") = "Step165", "Step165\Step165.csproj", "{C469C295-2756-4373-B774-DCB267AB52E7}"
EndProject
Global
	GlobalSection(SolutionConfigurationPlatforms) = preSolution
		Debug|Any CPU = Debug|Any CPU
		Release|Any CPU = Release|Any CPU
	EndGlobalSection
	GlobalSection(ProjectConfigurationPlatforms) = postSolution
		{C469C295-2756-4373-B774-DCB267AB52E7}.Debug|Any CPU.ActiveCfg = Debug|Any CPU
		{C469C295-2756-4373-B774-DCB267AB52E7}.Debug|Any CPU.Build.0 = Debug|Any CPU
		{C469C295-2756-4373-B774-DCB267AB52E7}.Release|Any CPU.ActiveCfg = Release|Any CPU
		{C469C295-2756-4373-B774-DCB267AB52E7}.Release|Any CPU.Build.0 = Release|Any CPU
	EndGlobalSection
	GlobalSection(SolutionProperties) = preSolution
		HideSolutionNode = FALSE
	EndGlobalSection
	GlobalSection(ExtensibilityGlobals) = postSolution
		SolutionGuid = {9B64911F-2484-4968-98C4-A4AE4DC3329D}
	EndGlobalSection
EndGlobal
