
Microsoft Visual Studio Solution File, Format Version 12.00
# Visual Studio Version 16
VisualStudioVersion = 16.0.29519.181
MinimumVisualStudioVersion = 10.0.40219.1
Project("{FAE04EC0-301F-11D3-BF4B-00C04F79EFBC}") = "Step 131", "Step 131\Step 131.csproj", "{1F6CAD40-C443-4332-B6D5-08688904D0B2}"
EndProject
Global
	GlobalSection(SolutionConfigurationPlatforms) = preSolution
		Debug|Any CPU = Debug|Any CPU
		Release|Any CPU = Release|Any CPU
	EndGlobalSection
	GlobalSection(ProjectConfigurationPlatforms) = postSolution
		{1F6CAD40-C443-4332-B6D5-08688904D0B2}.Debug|Any CPU.ActiveCfg = Debug|Any CPU
		{1F6CAD40-C443-4332-B6D5-08688904D0B2}.Debug|Any CPU.Build.0 = Debug|Any CPU
		{1F6CAD40-C443-4332-B6D5-08688904D0B2}.Release|Any CPU.ActiveCfg = Release|Any CPU
		{1F6CAD40-C443-4332-B6D5-08688904D0B2}.Release|Any CPU.Build.0 = Release|Any CPU
	EndGlobalSection
	GlobalSection(SolutionProperties) = preSolution
		HideSolutionNode = FALSE
	EndGlobalSection
	GlobalSection(ExtensibilityGlobals) = postSolution
		SolutionGuid = {397D536F-6C2A-44DC-B6F8-497AE4AE9073}
	EndGlobalSection
EndGlobal
