
Microsoft Visual Studio Solution File, Format Version 12.00
# Visual Studio Version 16
VisualStudioVersion = 16.0.29519.181
MinimumVisualStudioVersion = 10.0.40219.1
Project("{FAE04EC0-301F-11D3-BF4B-00C04F79EFBC}") = "Step120", "Step120\Step120.csproj", "{508423C2-71C1-43DF-A65F-A224FE5BDADB}"
EndProject
Global
	GlobalSection(SolutionConfigurationPlatforms) = preSolution
		Debug|Any CPU = Debug|Any CPU
		Release|Any CPU = Release|Any CPU
	EndGlobalSection
	GlobalSection(ProjectConfigurationPlatforms) = postSolution
		{508423C2-71C1-43DF-A65F-A224FE5BDADB}.Debug|Any CPU.ActiveCfg = Debug|Any CPU
		{508423C2-71C1-43DF-A65F-A224FE5BDADB}.Debug|Any CPU.Build.0 = Debug|Any CPU
		{508423C2-71C1-43DF-A65F-A224FE5BDADB}.Release|Any CPU.ActiveCfg = Release|Any CPU
		{508423C2-71C1-43DF-A65F-A224FE5BDADB}.Release|Any CPU.Build.0 = Release|Any CPU
	EndGlobalSection
	GlobalSection(SolutionProperties) = preSolution
		HideSolutionNode = FALSE
	EndGlobalSection
	GlobalSection(ExtensibilityGlobals) = postSolution
		SolutionGuid = {20732255-ABA7-4868-AA15-EAC1F904F86C}
	EndGlobalSection
EndGlobal
