
Microsoft Visual Studio Solution File, Format Version 12.00
# Visual Studio Version 16
VisualStudioVersion = 16.0.29519.87
MinimumVisualStudioVersion = 10.0.40219.1
Project("{FAE04EC0-301F-11D3-BF4B-00C04F79EFBC}") = "step94", "step94\step94.csproj", "{DFE75016-0C59-4A6D-AB70-9DF5E1FF7ED3}"
EndProject
Global
	GlobalSection(SolutionConfigurationPlatforms) = preSolution
		Debug|Any CPU = Debug|Any CPU
		Release|Any CPU = Release|Any CPU
	EndGlobalSection
	GlobalSection(ProjectConfigurationPlatforms) = postSolution
		{DFE75016-0C59-4A6D-AB70-9DF5E1FF7ED3}.Debug|Any CPU.ActiveCfg = Debug|Any CPU
		{DFE75016-0C59-4A6D-AB70-9DF5E1FF7ED3}.Debug|Any CPU.Build.0 = Debug|Any CPU
		{DFE75016-0C59-4A6D-AB70-9DF5E1FF7ED3}.Release|Any CPU.ActiveCfg = Release|Any CPU
		{DFE75016-0C59-4A6D-AB70-9DF5E1FF7ED3}.Release|Any CPU.Build.0 = Release|Any CPU
	EndGlobalSection
	GlobalSection(SolutionProperties) = preSolution
		HideSolutionNode = FALSE
	EndGlobalSection
	GlobalSection(ExtensibilityGlobals) = postSolution
		SolutionGuid = {8ACE084B-CEA9-4F81-AE96-F33939386902}
	EndGlobalSection
EndGlobal
